
Microsoft Visual Studio Solution File, Format Version 12.00
# Visual Studio Version 17
VisualStudioVersion = 17.10.34707.107
MinimumVisualStudioVersion = 10.0.40219.1
Project("{FAE04EC0-301F-11D3-BF4B-00C04F79EFBC}") = "DiscordBot", "DiscordBot.csproj", "{BA20BDC3-666D-4700-9A5E-7A83D349068D}"
EndProject
Global
	GlobalSection(SolutionConfigurationPlatforms) = preSolution
		Debug|Any CPU = Debug|Any CPU
		Release|Any CPU = Release|Any CPU
	EndGlobalSection
	GlobalSection(ProjectConfigurationPlatforms) = postSolution
		{BA20BDC3-666D-4700-9A5E-7A83D349068D}.Debug|Any CPU.ActiveCfg = Debug|Any CPU
		{BA20BDC3-666D-4700-9A5E-7A83D349068D}.Debug|Any CPU.Build.0 = Debug|Any CPU
		{BA20BDC3-666D-4700-9A5E-7A83D349068D}.Release|Any CPU.ActiveCfg = Release|Any CPU
		{BA20BDC3-666D-4700-9A5E-7A83D349068D}.Release|Any CPU.Build.0 = Release|Any CPU
	EndGlobalSection
	GlobalSection(SolutionProperties) = preSolution
		HideSolutionNode = FALSE
	EndGlobalSection
	GlobalSection(ExtensibilityGlobals) = postSolution
		SolutionGuid = {F4FFE8EE-380B-46DC-BFE7-DBBB22012EC2}
	EndGlobalSection
EndGlobal
